{
  "name": "offline-client-example",
  "version": "1.0.0",
  "lockfileVersion": 1,
  "requires": true,
  "dependencies": {
    "angular": {
      "version": "1.7.7",
      "resolved": "https://registry.npmjs.org/angular/-/angular-1.7.7.tgz",
      "integrity": "sha512-MH3JEGd8y/EkNCKJ8EV6Ch0j9X0rZTta/QVIDpBWaIdfh85/e5KO8+ZKgvWIb02MQuiS20pDFmMFlv4ZaLcLWg=="
    },
    "angular-route": {
      "version": "1.7.7",
      "resolved": "https://registry.npmjs.org/angular-route/-/angular-route-1.7.7.tgz",
      "integrity": "sha512-nshsCti751h8GfvYQ2nlTbQnaY/q5zvxLctj78sS5SjB8iRDqNbT1NVNz8B/nDQUudjc7etE7xYaTdM8idzq6g=="
    },
    "jquery": {
      "version": "3.3.1",
      "resolved": "https://registry.npmjs.org/jquery/-/jquery-3.3.1.tgz",
      "integrity": "sha512-Ubldcmxp5np52/ENotGxlLe6aGMvmF4R8S6tZjsP6Knsaxd/xp3Zrh50cG93lR6nPXyUFwzN3ZSOQI0wRJNdGg=="
    },
    "offline": {
      "version": "0.0.1",
      "resolved": "https://registry.npmjs.org/offline/-/offline-0.0.1.tgz",
      "integrity": "sha1-BvxKLO9HTQt3Vmjiz29CfxD7ZrE="
    }
  }
}
